
Microsoft Visual Studio Solution File, Format Version 12.00
# Visual Studio Version 17
VisualStudioVersion = 17.8.34330.188
MinimumVisualStudioVersion = 10.0.40219.1
Project("{FAE04EC0-301F-11D3-BF4B-00C04F79EFBC}") = "megaraid", "megaraid.csproj", "{028BA36B-19D0-4ED4-837E-74D60C9C92B7}"
EndProject
Global
	GlobalSection(SolutionConfigurationPlatforms) = preSolution
		Debug|Any CPU = Debug|Any CPU
		Release|Any CPU = Release|Any CPU
	EndGlobalSection
	GlobalSection(ProjectConfigurationPlatforms) = postSolution
		{028BA36B-19D0-4ED4-837E-74D60C9C92B7}.Debug|Any CPU.ActiveCfg = Debug|Any CPU
		{028BA36B-19D0-4ED4-837E-74D60C9C92B7}.Debug|Any CPU.Build.0 = Debug|Any CPU
		{028BA36B-19D0-4ED4-837E-74D60C9C92B7}.Release|Any CPU.ActiveCfg = Release|Any CPU
		{028BA36B-19D0-4ED4-837E-74D60C9C92B7}.Release|Any CPU.Build.0 = Release|Any CPU
	EndGlobalSection
	GlobalSection(SolutionProperties) = preSolution
		HideSolutionNode = FALSE
	EndGlobalSection
	GlobalSection(ExtensibilityGlobals) = postSolution
		SolutionGuid = {5F4B8471-DD25-46BB-8594-A78968DE6E58}
	EndGlobalSection
EndGlobal
